// !$*UTF8*$!
{
	archiveVersion = 1;
	classes = {
	};
	objectVersion = 46;
	objects = {

/* Begin PBXBuildFile section */
		1DF971A21748AD1900A80745 /* main.cpp in Sources */ = {isa = PBXBuildFile; fileRef = 1DF971A11748AD1900A80745 /* main.cpp */; };
		1DF971A41748AD1A00A80745 /* coffeemix.1 in CopyFiles */ = {isa = PBXBuildFile; fileRef = 1DF971A31748AD1A00A80745 /* coffeemix.1 */; };
/* End PBXBuildFile section */

/* Begin PBXCopyFilesBuildPhase section */
		1DF9719C1748AD1900A80745 /* CopyFiles */ = {
			isa = PBXCopyFilesBuildPhase;
			buildActionMask = 2147483647;
			dstPath = /usr/share/man/man1/;
			dstSubfolderSpec = 0;
			files = (
				1DF971A41748AD1A00A80745 /* coffeemix.1 in CopyFiles */,
			);
			runOnlyForDeploymentPostprocessing = 1;
		};
/* End PBXCopyFilesBuildPhase section */

/* Begin PBXFileReference section */
		1DF9719E1748AD1900A80745 /* coffeemix */ = {isa = PBXFileReference; explicitFileType = "compiled.mach-o.executable"; includeInIndex = 0; path = coffeemix; sourceTree = BUILT_PRODUCTS_DIR; };
		1DF971A11748AD1900A80745 /* main.cpp */ = {isa = PBXFileReference; lastKnownFileType = sourcecode.cpp.cpp; path = main.cpp; sourceTree = "<group>"; };
		1DF971A31748AD1A00A80745 /* coffeemix.1 */ = {isa = PBXFileReference; lastKnownFileType = text.man; path = coffeemix.1; sourceTree = "<group>"; };
		1DF971AA1748AD3100A80745 /* CoffeeMix.h */ = {isa = PBXFileReference; lastKnownFileType = sourcecode.c.h; path = CoffeeMix.h; sourceTree = "<group>"; };
/* End PBXFileReference section */

/* Begin PBXFrameworksBuildPhase section */
		1DF9719B1748AD1900A80745 /* Frameworks */ = {
			isa = PBXFrameworksBuildPhase;
			buildActionMask = 2147483647;
			files = (
			);
			runOnlyForDeploymentPostprocessing = 0;
		};
/* End PBXFrameworksBuildPhase section */

/* Begin PBXGroup section */
		1DF971951748AD1900A80745 = {
			isa = PBXGroup;
			children = (
				1DF971A01748AD1900A80745 /* coffeemix */,
				1DF9719F1748AD1900A80745 /* Products */,
			);
			sourceTree = "<group>";
		};
		1DF9719F1748AD1900A80745 /* Products */ = {
			isa = PBXGroup;
			children = (
				1DF9719E1748AD1900A80745 /* coffeemix */,
			);
			name = Products;
			sourceTree = "<group>";
		};
		1DF971A01748AD1900A80745 /* coffeemix */ = {
			isa = PBXGroup;
			children = (
				1DF971AA1748AD3100A80745 /* CoffeeMix.h */,
				1DF971A11748AD1900A80745 /* main.cpp */,
				1DF971A31748AD1A00A80745 /* coffeemix.1 */,
			);
			path = coffeemix;
			sourceTree = "<group>";
		};
/* End PBXGroup section */

/* Begin PBXNativeTarget section */
		1DF9719D1748AD1900A80745 /* coffeemix */ = {
			isa = PBXNativeTarget;
			buildConfigurationList = 1DF971A71748AD1A00A80745 /* Build configuration list for PBXNativeTarget "coffeemix" */;
			buildPhases = (
				1DF9719A1748AD1900A80745 /* Sources */,
				1DF9719B1748AD1900A80745 /* Frameworks */,
				1DF9719C1748AD1900A80745 /* CopyFiles */,
			);
			buildRules = (
			);
			dependencies = (
			);
			name = coffeemix;
			productName = coffeemix;
			productReference = 1DF9719E1748AD1900A80745 /* coffeemix */;
			productType = "com.apple.product-type.tool";
		};
/* End PBXNativeTarget section */

/* Begin PBXProject section */
		1DF971961748AD1900A80745 /* Project object */ = {
			isa = PBXProject;
			attributes = {
				LastUpgradeCheck = 0460;
				ORGANIZATIONNAME = "Le Quoc Viet";
			};
			buildConfigurationList = 1DF971991748AD1900A80745 /* Build configuration list for PBXProject "coffeemix" */;
			compatibilityVersion = "Xcode 3.2";
			developmentRegion = English;
			hasScannedForEncodings = 0;
			knownRegions = (
				en,
			);
			mainGroup = 1DF971951748AD1900A80745;
			productRefGroup = 1DF9719F1748AD1900A80745 /* Products */;
			projectDirPath = "";
			projectRoot = "";
			targets = (
				1DF9719D1748AD1900A80745 /* coffeemix */,
			);
		};
/* End PBXProject section */

/* Begin PBXSourcesBuildPhase section */
		1DF9719A1748AD1900A80745 /* Sources */ = {
			isa = PBXSourcesBuildPhase;
			buildActionMask = 2147483647;
			files = (
				1DF971A21748AD1900A80745 /* main.cpp in Sources */,
			);
			runOnlyForDeploymentPostprocessing = 0;
		};
/* End PBXSourcesBuildPhase section */

/* Begin XCBuildConfiguration section */
		1DF971A51748AD1A00A80745 /* Debug */ = {
			isa = XCBuildConfiguration;
			buildSettings = {
				ALWAYS_SEARCH_USER_PATHS = NO;
				ARCHS = "$(ARCHS_STANDARD_64_BIT)";
				CLANG_CXX_LANGUAGE_STANDARD = "gnu++0x";
				CLANG_CXX_LIBRARY = "libc++";
				CLANG_WARN_CONSTANT_CONVERSION = YES;
				CLANG_WARN_EMPTY_BODY = YES;
				CLANG_WARN_ENUM_CONVERSION = YES;
				CLANG_WARN_INT_CONVERSION = YES;
				CLANG_WARN__DUPLICATE_METHOD_MATCH = YES;
				COPY_PHASE_STRIP = NO;
				GCC_C_LANGUAGE_STANDARD = gnu99;
				GCC_DYNAMIC_NO_PIC = NO;
				GCC_ENABLE_OBJC_EXCEPTIONS = YES;
				GCC_OPTIMIZATION_LEVEL = 0;
				GCC_PREPROCESSOR_DEFINITIONS = (
					"DEBUG=1",
					"$(inherited)",
				);
				GCC_SYMBOLS_PRIVATE_EXTERN = NO;
				GCC_WARN_64_TO_32_BIT_CONVERSION = YES;
				GCC_WARN_ABOUT_RETURN_TYPE = YES;
				GCC_WARN_UNINITIALIZED_AUTOS = YES;
				GCC_WARN_UNUSED_VARIABLE = YES;
				MACOSX_DEPLOYMENT_TARGET = 10.8;
				ONLY_ACTIVE_ARCH = YES;
				SDKROOT = macosx;
			};
			name = Debug;
		};
		1DF971A61748AD1A00A80745 /* Release */ = {
			isa = XCBuildConfiguration;
			buildSettings = {
				ALWAYS_SEARCH_USER_PATHS = NO;
				ARCHS = "$(ARCHS_STANDARD_64_BIT)";
				CLANG_CXX_LANGUAGE_STANDARD = "gnu++0x";
				CLANG_CXX_LIBRARY = "libc++";
				CLANG_WARN_CONSTANT_CONVERSION = YES;
				CLANG_WARN_EMPTY_BODY = YES;
				CLANG_WARN_ENUM_CONVERSION = YES;
				CLANG_WARN_INT_CONVERSION = YES;
				CLANG_WARN__DUPLICATE_METHOD_MATCH = YES;
				COPY_PHASE_STRIP = YES;
				DEBUG_INFORMATION_FORMAT = "dwarf-with-dsym";
				GCC_C_LANGUAGE_STANDARD = gnu99;
				GCC_ENABLE_OBJC_EXCEPTIONS = YES;
				GCC_WARN_64_TO_32_BIT_CONVERSION = YES;
				GCC_WARN_ABOUT_RETURN_TYPE = YES;
				GCC_WARN_UNINITIALIZED_AUTOS = YES;
				GCC_WARN_UNUSED_VARIABLE = YES;
				MACOSX_DEPLOYMENT_TARGET = 10.8;
				SDKROOT = macosx;
			};
			name = Release;
		};
		1DF971A81748AD1A00A80745 /* Debug */ = {
			isa = XCBuildConfiguration;
			buildSettings = {
				PRODUCT_NAME = "$(TARGET_NAME)";
			};
			name = Debug;
		};
		1DF971A91748AD1A00A80745 /* Release */ = {
			isa = XCBuildConfiguration;
			buildSettings = {
				PRODUCT_NAME = "$(TARGET_NAME)";
			};
			name = Release;
		};
/* End XCBuildConfiguration section */

/* Begin XCConfigurationList section */
		1DF971991748AD1900A80745 /* Build configuration list for PBXProject "coffeemix" */ = {
			isa = XCConfigurationList;
			buildConfigurations = (
				1DF971A51748AD1A00A80745 /* Debug */,
				1DF971A61748AD1A00A80745 /* Release */,
			);
			defaultConfigurationIsVisible = 0;
			defaultConfigurationName = Release;
		};
		1DF971A71748AD1A00A80745 /* Build configuration list for PBXNativeTarget "coffeemix" */ = {
			isa = XCConfigurationList;
			buildConfigurations = (
				1DF971A81748AD1A00A80745 /* Debug */,
				1DF971A91748AD1A00A80745 /* Release */,
			);
			defaultConfigurationIsVisible = 0;
		};
/* End XCConfigurationList section */
	};
	rootObject = 1DF971961748AD1900A80745 /* Project object */;
}
