// !$*UTF8*$!
{
	archiveVersion = 1;
	classes = {
	};
	objectVersion = 46;
	objects = {

/* Begin PBXAggregateTarget section */
		2AF7C611EBF14EF096F07D41 /* ALL_BUILD */ = {
			isa = PBXAggregateTarget;
			buildConfigurationList = 273236C78DC54A3E89BFB30C /* Build configuration list for PBXAggregateTarget "ALL_BUILD" */;
			buildPhases = (
				1DB332449EE7427389014CC9 /* CMake Rules */,
			);
			dependencies = (
				DCE6472B60F84FEE85F8A191 /* PBXTargetDependency */,
				FEB89A265DC44D21BA12F84C /* PBXTargetDependency */,
			);
			name = ALL_BUILD;
			productName = ALL_BUILD;
		};
		F56A0CE722B646DBAAB832B6 /* ZERO_CHECK */ = {
			isa = PBXAggregateTarget;
			buildConfigurationList = B3DF00405CAF450B9188F1FC /* Build configuration list for PBXAggregateTarget "ZERO_CHECK" */;
			buildPhases = (
				EFD7A4BE54E14D7DA6B51707 /* CMake Rules */,
			);
			dependencies = (
			);
			name = ZERO_CHECK;
			productName = ZERO_CHECK;
		};
/* End PBXAggregateTarget section */

/* Begin PBXBuildFile section */
		BCAD718D59F043459C9C93FB /* 02-a-journey-to-the-moon.cpp in Sources */ = {isa = PBXBuildFile; fileRef = ABCFF66D14F74258ABCDF7FB /* 02-a-journey-to-the-moon.cpp */; settings = {COMPILER_FLAGS = ""; }; };
/* End PBXBuildFile section */

/* Begin PBXContainerItemProxy section */
		45DD08CE4BC049AFB78228D7 /* PBXContainerItemProxy */ = {
			isa = PBXContainerItemProxy;
			containerPortal = 869118E353264236B91E2EEE /* Project object */;
			proxyType = 1;
			remoteGlobalIDString = CDCDEAD25960401D931D0859;
			remoteInfo = journey_to_the_moon;
		};
		4A2AB92A60C1446BB9A71990 /* PBXContainerItemProxy */ = {
			isa = PBXContainerItemProxy;
			containerPortal = 869118E353264236B91E2EEE /* Project object */;
			proxyType = 1;
			remoteGlobalIDString = F56A0CE722B646DBAAB832B6;
			remoteInfo = ZERO_CHECK;
		};
/* End PBXContainerItemProxy section */

/* Begin PBXFileReference section */
		25C252700826495793D62C0F /* journey_to_the_moon */ = {isa = PBXFileReference; explicitFileType = "compiled.mach-o.executable"; path = journey_to_the_moon; sourceTree = BUILT_PRODUCTS_DIR; };
		ABCFF66D14F74258ABCDF7FB /* 02-a-journey-to-the-moon.cpp */ = {isa = PBXFileReference; fileEncoding = 4; lastKnownFileType = sourcecode.cpp.cpp; path = "02-a-journey-to-the-moon.cpp"; sourceTree = SOURCE_ROOT; };
		B39931B1D45147E8BC049A10 /* CMakeLists.txt */ = {isa = PBXFileReference; fileEncoding = 4; lastKnownFileType = sourcecode.text; path = CMakeLists.txt; sourceTree = SOURCE_ROOT; };
/* End PBXFileReference section */

/* Begin PBXGroup section */
		16139B1A8F0E40769689ACFE /* Resources */ = {
			isa = PBXGroup;
			children = (
			);
			name = Resources;
			sourceTree = "<group>";
		};
		200BFA38009E44B6AA6CC953 /* CMake Rules */ = {
			isa = PBXGroup;
			children = (
			);
			name = "CMake Rules";
			sourceTree = "<group>";
		};
		214EBB87A50740D791B96FB9 /* ALL_BUILD */ = {
			isa = PBXGroup;
			children = (
				A53C84D3642746A89325CD7E /* CMake Rules */,
				B39931B1D45147E8BC049A10 /* CMakeLists.txt */,
			);
			name = ALL_BUILD;
			sourceTree = "<group>";
		};
		5217A7350AA6434BB6F8ECBA = {
			isa = PBXGroup;
			children = (
				5BFD42A71C724660B89CEA31 /* Sources */,
				16139B1A8F0E40769689ACFE /* Resources */,
				E662CE4BCF09471D979B222F /* Products */,
			);
			sourceTree = "<group>";
		};
		5BFD42A71C724660B89CEA31 /* Sources */ = {
			isa = PBXGroup;
			children = (
				214EBB87A50740D791B96FB9 /* ALL_BUILD */,
				D1F4DD17D8014FB0BDEEDA0A /* ZERO_CHECK */,
				5CA6BA4BAA024179A72B372E /* journey_to_the_moon */,
			);
			name = Sources;
			sourceTree = "<group>";
		};
		5CA6BA4BAA024179A72B372E /* journey_to_the_moon */ = {
			isa = PBXGroup;
			children = (
				E3F452E33404443AB973AED8 /* Source Files */,
				B39931B1D45147E8BC049A10 /* CMakeLists.txt */,
			);
			name = journey_to_the_moon;
			sourceTree = "<group>";
		};
		A53C84D3642746A89325CD7E /* CMake Rules */ = {
			isa = PBXGroup;
			children = (
			);
			name = "CMake Rules";
			sourceTree = "<group>";
		};
		D1F4DD17D8014FB0BDEEDA0A /* ZERO_CHECK */ = {
			isa = PBXGroup;
			children = (
				200BFA38009E44B6AA6CC953 /* CMake Rules */,
				B39931B1D45147E8BC049A10 /* CMakeLists.txt */,
			);
			name = ZERO_CHECK;
			sourceTree = "<group>";
		};
		E3F452E33404443AB973AED8 /* Source Files */ = {
			isa = PBXGroup;
			children = (
				ABCFF66D14F74258ABCDF7FB /* 02-a-journey-to-the-moon.cpp */,
			);
			name = "Source Files";
			sourceTree = "<group>";
		};
		E662CE4BCF09471D979B222F /* Products */ = {
			isa = PBXGroup;
			children = (
				25C252700826495793D62C0F /* journey_to_the_moon */,
			);
			name = Products;
			sourceTree = "<group>";
		};
/* End PBXGroup section */

/* Begin PBXNativeTarget section */
		CDCDEAD25960401D931D0859 /* journey_to_the_moon */ = {
			isa = PBXNativeTarget;
			buildConfigurationList = 5FF8FF9B4916471E8187A1C7 /* Build configuration list for PBXNativeTarget "journey_to_the_moon" */;
			buildPhases = (
				10047838A2D04D96973E2A47 /* Sources */,
				F3A3026DC64E471FB98EF7DC /* CMake PostBuild Rules */,
			);
			buildRules = (
			);
			dependencies = (
				FEB89A265DC44D21BA12F84C /* PBXTargetDependency */,
			);
			name = journey_to_the_moon;
			productName = journey_to_the_moon;
			productReference = 25C252700826495793D62C0F /* journey_to_the_moon */;
			productType = "com.apple.product-type.tool";
		};
/* End PBXNativeTarget section */

/* Begin PBXProject section */
		869118E353264236B91E2EEE /* Project object */ = {
			isa = PBXProject;
			attributes = {
				BuildIndependentTargetsInParallel = YES;
				LastUpgradeCheck = 0500;
			};
			buildConfigurationList = 3375DECC34364980AA86F542 /* Build configuration list for PBXProject "JourneyToTheMoon" */;
			compatibilityVersion = "Xcode 3.2";
			developmentRegion = English;
			hasScannedForEncodings = 0;
			knownRegions = (
				en,
			);
			mainGroup = 5217A7350AA6434BB6F8ECBA;
			projectDirPath = ..;
			projectRoot = "";
			targets = (
				2AF7C611EBF14EF096F07D41 /* ALL_BUILD */,
				F56A0CE722B646DBAAB832B6 /* ZERO_CHECK */,
				CDCDEAD25960401D931D0859 /* journey_to_the_moon */,
			);
		};
/* End PBXProject section */

/* Begin PBXShellScriptBuildPhase section */
		1DB332449EE7427389014CC9 /* CMake Rules */ = {
			isa = PBXShellScriptBuildPhase;
			buildActionMask = 2147483647;
			files = (
			);
			name = "CMake Rules";
			runOnlyForDeploymentPostprocessing = 0;
			shellPath = /bin/sh;
			shellScript = "make -C /Users/vietlq/projects/viet-github-cpp/hacker-rank-2013-08/02-a-journey-to-the-moon/xcode -f /Users/vietlq/projects/viet-github-cpp/hacker-rank-2013-08/02-a-journey-to-the-moon/xcode/CMakeScripts/ALL_BUILD_cmakeRulesBuildPhase.make$CONFIGURATION all";
			showEnvVarsInLog = 0;
		};
		EFD7A4BE54E14D7DA6B51707 /* CMake Rules */ = {
			isa = PBXShellScriptBuildPhase;
			buildActionMask = 2147483647;
			files = (
			);
			name = "CMake Rules";
			runOnlyForDeploymentPostprocessing = 0;
			shellPath = /bin/sh;
			shellScript = "make -C /Users/vietlq/projects/viet-github-cpp/hacker-rank-2013-08/02-a-journey-to-the-moon/xcode -f /Users/vietlq/projects/viet-github-cpp/hacker-rank-2013-08/02-a-journey-to-the-moon/xcode/CMakeScripts/ZERO_CHECK_cmakeRulesBuildPhase.make$CONFIGURATION all";
			showEnvVarsInLog = 0;
		};
		F3A3026DC64E471FB98EF7DC /* CMake PostBuild Rules */ = {
			isa = PBXShellScriptBuildPhase;
			buildActionMask = 2147483647;
			files = (
			);
			name = "CMake PostBuild Rules";
			runOnlyForDeploymentPostprocessing = 0;
			shellPath = /bin/sh;
			shellScript = "make -C /Users/vietlq/projects/viet-github-cpp/hacker-rank-2013-08/02-a-journey-to-the-moon/xcode -f /Users/vietlq/projects/viet-github-cpp/hacker-rank-2013-08/02-a-journey-to-the-moon/xcode/CMakeScripts/journey_to_the_moon_postBuildPhase.make$CONFIGURATION all";
			showEnvVarsInLog = 0;
		};
/* End PBXShellScriptBuildPhase section */

/* Begin PBXSourcesBuildPhase section */
		10047838A2D04D96973E2A47 /* Sources */ = {
			isa = PBXSourcesBuildPhase;
			buildActionMask = 2147483647;
			files = (
				BCAD718D59F043459C9C93FB /* 02-a-journey-to-the-moon.cpp in Sources */,
			);
			runOnlyForDeploymentPostprocessing = 0;
		};
/* End PBXSourcesBuildPhase section */

/* Begin PBXTargetDependency section */
		DCE6472B60F84FEE85F8A191 /* PBXTargetDependency */ = {
			isa = PBXTargetDependency;
			target = CDCDEAD25960401D931D0859 /* journey_to_the_moon */;
			targetProxy = 45DD08CE4BC049AFB78228D7 /* PBXContainerItemProxy */;
		};
		FEB89A265DC44D21BA12F84C /* PBXTargetDependency */ = {
			isa = PBXTargetDependency;
			target = F56A0CE722B646DBAAB832B6 /* ZERO_CHECK */;
			targetProxy = 4A2AB92A60C1446BB9A71990 /* PBXContainerItemProxy */;
		};
/* End PBXTargetDependency section */

/* Begin XCBuildConfiguration section */
		11A3AF16C3844A4F8CA70284 /* RelWithDebInfo */ = {
			isa = XCBuildConfiguration;
			buildSettings = {
				ONLY_ACTIVE_ARCH = YES;
				SDKROOT = "/Applications/Xcode5-DP.app/Contents/Developer/Platforms/MacOSX.platform/Developer/SDKs/MacOSX10.8.sdk";
				SYMROOT = "/Users/vietlq/projects/viet-github-cpp/hacker-rank-2013-08/02-a-journey-to-the-moon/xcode/build";
			};
			name = RelWithDebInfo;
		};
		13F6B694FA37449292DB0671 /* MinSizeRel */ = {
			isa = XCBuildConfiguration;
			buildSettings = {
				ONLY_ACTIVE_ARCH = YES;
				SDKROOT = "/Applications/Xcode5-DP.app/Contents/Developer/Platforms/MacOSX.platform/Developer/SDKs/MacOSX10.8.sdk";
				SYMROOT = "/Users/vietlq/projects/viet-github-cpp/hacker-rank-2013-08/02-a-journey-to-the-moon/xcode/build";
			};
			name = MinSizeRel;
		};
		294188C1BAF447C9BAACD96B /* Release */ = {
			isa = XCBuildConfiguration;
			buildSettings = {
				GCC_GENERATE_DEBUGGING_SYMBOLS = NO;
				GCC_INLINES_ARE_PRIVATE_EXTERN = NO;
				GCC_OPTIMIZATION_LEVEL = 0;
				GCC_PREPROCESSOR_DEFINITIONS = "'CMAKE_INTDIR=\"$(CONFIGURATION)$(EFFECTIVE_PLATFORM_NAME)\"'";
				GCC_SYMBOLS_PRIVATE_EXTERN = NO;
				HEADER_SEARCH_PATHS = (
					"/Users/vietlq/projects/viet-github-cpp/hacker-rank-2013-08/02-a-journey-to-the-moon/xcode",
					"/Users/vietlq/projects/viet-github-cpp/hacker-rank-2013-08/02-a-journey-to-the-moon",
					/usr/local/include,
				);
				INSTALL_PATH = "";
				OTHER_CFLAGS = "  ";
				OTHER_LDFLAGS = "";
				OTHER_REZFLAGS = "";
				PRODUCT_NAME = ZERO_CHECK;
				SECTORDER_FLAGS = "";
				SYMROOT = "/Users/vietlq/projects/viet-github-cpp/hacker-rank-2013-08/02-a-journey-to-the-moon/xcode";
				USE_HEADERMAP = NO;
				WARNING_CFLAGS = (
					"-Wmost",
					"-Wno-four-char-constants",
					"-Wno-unknown-pragmas",
				);
			};
			name = Release;
		};
		2F52AF1D53964AACB486D9E0 /* MinSizeRel */ = {
			isa = XCBuildConfiguration;
			buildSettings = {
				EXECUTABLE_PREFIX = "";
				EXECUTABLE_SUFFIX = "";
				GCC_GENERATE_DEBUGGING_SYMBOLS = NO;
				GCC_INLINES_ARE_PRIVATE_EXTERN = NO;
				GCC_OPTIMIZATION_LEVEL = s;
				GCC_PREPROCESSOR_DEFINITIONS = "'CMAKE_INTDIR=\"$(CONFIGURATION)$(EFFECTIVE_PLATFORM_NAME)\"'";
				GCC_SYMBOLS_PRIVATE_EXTERN = NO;
				HEADER_SEARCH_PATHS = (
					"/Users/vietlq/projects/viet-github-cpp/hacker-rank-2013-08/02-a-journey-to-the-moon/xcode",
					"/Users/vietlq/projects/viet-github-cpp/hacker-rank-2013-08/02-a-journey-to-the-moon",
					/usr/local/include,
				);
				INSTALL_PATH = "";
				LIBRARY_SEARCH_PATHS = (
					"/usr/local/lib/$(CONFIGURATION)$(EFFECTIVE_PLATFORM_NAME)",
					/usr/local/lib,
				);
				OTHER_CFLAGS = "    -DNDEBUG  ";
				OTHER_CPLUSPLUSFLAGS = "    -DNDEBUG  ";
				OTHER_LDFLAGS = (
					"-Wl,-search_paths_first",
					"-Wl,-headerpad_max_install_names",
				);
				OTHER_REZFLAGS = "";
				PRODUCT_NAME = journey_to_the_moon;
				SECTORDER_FLAGS = "";
				SYMROOT = "/Users/vietlq/projects/viet-github-cpp/hacker-rank-2013-08/02-a-journey-to-the-moon/xcode";
				USE_HEADERMAP = NO;
				WARNING_CFLAGS = (
					"-Wmost",
					"-Wno-four-char-constants",
					"-Wno-unknown-pragmas",
				);
			};
			name = MinSizeRel;
		};
		397190CF695E443DBDE96029 /* MinSizeRel */ = {
			isa = XCBuildConfiguration;
			buildSettings = {
				GCC_GENERATE_DEBUGGING_SYMBOLS = NO;
				GCC_INLINES_ARE_PRIVATE_EXTERN = NO;
				GCC_OPTIMIZATION_LEVEL = 0;
				GCC_PREPROCESSOR_DEFINITIONS = "'CMAKE_INTDIR=\"$(CONFIGURATION)$(EFFECTIVE_PLATFORM_NAME)\"'";
				GCC_SYMBOLS_PRIVATE_EXTERN = NO;
				HEADER_SEARCH_PATHS = (
					"/Users/vietlq/projects/viet-github-cpp/hacker-rank-2013-08/02-a-journey-to-the-moon/xcode",
					"/Users/vietlq/projects/viet-github-cpp/hacker-rank-2013-08/02-a-journey-to-the-moon",
					/usr/local/include,
				);
				INSTALL_PATH = "";
				OTHER_CFLAGS = "  ";
				OTHER_LDFLAGS = "";
				OTHER_REZFLAGS = "";
				PRODUCT_NAME = ZERO_CHECK;
				SECTORDER_FLAGS = "";
				SYMROOT = "/Users/vietlq/projects/viet-github-cpp/hacker-rank-2013-08/02-a-journey-to-the-moon/xcode";
				USE_HEADERMAP = NO;
				WARNING_CFLAGS = (
					"-Wmost",
					"-Wno-four-char-constants",
					"-Wno-unknown-pragmas",
				);
			};
			name = MinSizeRel;
		};
		4081D8951A6B4397A9E8884F /* RelWithDebInfo */ = {
			isa = XCBuildConfiguration;
			buildSettings = {
				GCC_GENERATE_DEBUGGING_SYMBOLS = NO;
				GCC_INLINES_ARE_PRIVATE_EXTERN = NO;
				GCC_OPTIMIZATION_LEVEL = 0;
				GCC_PREPROCESSOR_DEFINITIONS = "'CMAKE_INTDIR=\"$(CONFIGURATION)$(EFFECTIVE_PLATFORM_NAME)\"'";
				GCC_SYMBOLS_PRIVATE_EXTERN = NO;
				HEADER_SEARCH_PATHS = (
					"/Users/vietlq/projects/viet-github-cpp/hacker-rank-2013-08/02-a-journey-to-the-moon/xcode",
					"/Users/vietlq/projects/viet-github-cpp/hacker-rank-2013-08/02-a-journey-to-the-moon",
					/usr/local/include,
				);
				INSTALL_PATH = "";
				OTHER_CFLAGS = "  ";
				OTHER_LDFLAGS = "";
				OTHER_REZFLAGS = "";
				PRODUCT_NAME = ZERO_CHECK;
				SECTORDER_FLAGS = "";
				SYMROOT = "/Users/vietlq/projects/viet-github-cpp/hacker-rank-2013-08/02-a-journey-to-the-moon/xcode";
				USE_HEADERMAP = NO;
				WARNING_CFLAGS = (
					"-Wmost",
					"-Wno-four-char-constants",
					"-Wno-unknown-pragmas",
				);
			};
			name = RelWithDebInfo;
		};
		412EC4A7E4F04A8A88B3CC14 /* Debug */ = {
			isa = XCBuildConfiguration;
			buildSettings = {
				EXECUTABLE_PREFIX = "";
				EXECUTABLE_SUFFIX = "";
				GCC_GENERATE_DEBUGGING_SYMBOLS = YES;
				GCC_INLINES_ARE_PRIVATE_EXTERN = NO;
				GCC_OPTIMIZATION_LEVEL = 0;
				GCC_PREPROCESSOR_DEFINITIONS = "'CMAKE_INTDIR=\"$(CONFIGURATION)$(EFFECTIVE_PLATFORM_NAME)\"'";
				GCC_SYMBOLS_PRIVATE_EXTERN = NO;
				HEADER_SEARCH_PATHS = (
					"/Users/vietlq/projects/viet-github-cpp/hacker-rank-2013-08/02-a-journey-to-the-moon/xcode",
					"/Users/vietlq/projects/viet-github-cpp/hacker-rank-2013-08/02-a-journey-to-the-moon",
					/usr/local/include,
				);
				INSTALL_PATH = "";
				LIBRARY_SEARCH_PATHS = (
					"/usr/local/lib/$(CONFIGURATION)$(EFFECTIVE_PLATFORM_NAME)",
					/usr/local/lib,
				);
				OTHER_CFLAGS = "    ";
				OTHER_CPLUSPLUSFLAGS = "    ";
				OTHER_LDFLAGS = (
					"-Wl,-search_paths_first",
					"-Wl,-headerpad_max_install_names",
				);
				OTHER_REZFLAGS = "";
				PRODUCT_NAME = journey_to_the_moon;
				SECTORDER_FLAGS = "";
				SYMROOT = "/Users/vietlq/projects/viet-github-cpp/hacker-rank-2013-08/02-a-journey-to-the-moon/xcode";
				USE_HEADERMAP = NO;
				WARNING_CFLAGS = (
					"-Wmost",
					"-Wno-four-char-constants",
					"-Wno-unknown-pragmas",
				);
			};
			name = Debug;
		};
		598BFDEC33444916A77395D5 /* RelWithDebInfo */ = {
			isa = XCBuildConfiguration;
			buildSettings = {
				EXECUTABLE_PREFIX = "";
				EXECUTABLE_SUFFIX = "";
				GCC_GENERATE_DEBUGGING_SYMBOLS = YES;
				GCC_INLINES_ARE_PRIVATE_EXTERN = NO;
				GCC_OPTIMIZATION_LEVEL = 2;
				GCC_PREPROCESSOR_DEFINITIONS = "'CMAKE_INTDIR=\"$(CONFIGURATION)$(EFFECTIVE_PLATFORM_NAME)\"'";
				GCC_SYMBOLS_PRIVATE_EXTERN = NO;
				HEADER_SEARCH_PATHS = (
					"/Users/vietlq/projects/viet-github-cpp/hacker-rank-2013-08/02-a-journey-to-the-moon/xcode",
					"/Users/vietlq/projects/viet-github-cpp/hacker-rank-2013-08/02-a-journey-to-the-moon",
					/usr/local/include,
				);
				INSTALL_PATH = "";
				LIBRARY_SEARCH_PATHS = (
					"/usr/local/lib/$(CONFIGURATION)$(EFFECTIVE_PLATFORM_NAME)",
					/usr/local/lib,
				);
				OTHER_CFLAGS = "       -DNDEBUG  ";
				OTHER_CPLUSPLUSFLAGS = "       -DNDEBUG  ";
				OTHER_LDFLAGS = (
					"-Wl,-search_paths_first",
					"-Wl,-headerpad_max_install_names",
				);
				OTHER_REZFLAGS = "";
				PRODUCT_NAME = journey_to_the_moon;
				SECTORDER_FLAGS = "";
				SYMROOT = "/Users/vietlq/projects/viet-github-cpp/hacker-rank-2013-08/02-a-journey-to-the-moon/xcode";
				USE_HEADERMAP = NO;
				WARNING_CFLAGS = (
					"-Wmost",
					"-Wno-four-char-constants",
					"-Wno-unknown-pragmas",
				);
			};
			name = RelWithDebInfo;
		};
		5E08E5933DBB4796A221260C /* Release */ = {
			isa = XCBuildConfiguration;
			buildSettings = {
				EXECUTABLE_PREFIX = "";
				EXECUTABLE_SUFFIX = "";
				GCC_GENERATE_DEBUGGING_SYMBOLS = NO;
				GCC_INLINES_ARE_PRIVATE_EXTERN = NO;
				GCC_OPTIMIZATION_LEVEL = 3;
				GCC_PREPROCESSOR_DEFINITIONS = "'CMAKE_INTDIR=\"$(CONFIGURATION)$(EFFECTIVE_PLATFORM_NAME)\"'";
				GCC_SYMBOLS_PRIVATE_EXTERN = NO;
				HEADER_SEARCH_PATHS = (
					"/Users/vietlq/projects/viet-github-cpp/hacker-rank-2013-08/02-a-journey-to-the-moon/xcode",
					"/Users/vietlq/projects/viet-github-cpp/hacker-rank-2013-08/02-a-journey-to-the-moon",
					/usr/local/include,
				);
				INSTALL_PATH = "";
				LIBRARY_SEARCH_PATHS = (
					"/usr/local/lib/$(CONFIGURATION)$(EFFECTIVE_PLATFORM_NAME)",
					/usr/local/lib,
				);
				OTHER_CFLAGS = "    -DNDEBUG  ";
				OTHER_CPLUSPLUSFLAGS = "    -DNDEBUG  ";
				OTHER_LDFLAGS = (
					"-Wl,-search_paths_first",
					"-Wl,-headerpad_max_install_names",
				);
				OTHER_REZFLAGS = "";
				PRODUCT_NAME = journey_to_the_moon;
				SECTORDER_FLAGS = "";
				SYMROOT = "/Users/vietlq/projects/viet-github-cpp/hacker-rank-2013-08/02-a-journey-to-the-moon/xcode";
				USE_HEADERMAP = NO;
				WARNING_CFLAGS = (
					"-Wmost",
					"-Wno-four-char-constants",
					"-Wno-unknown-pragmas",
				);
			};
			name = Release;
		};
		687053F32F214A5CB590C2DB /* RelWithDebInfo */ = {
			isa = XCBuildConfiguration;
			buildSettings = {
				GCC_GENERATE_DEBUGGING_SYMBOLS = NO;
				GCC_INLINES_ARE_PRIVATE_EXTERN = NO;
				GCC_OPTIMIZATION_LEVEL = 0;
				GCC_PREPROCESSOR_DEFINITIONS = "'CMAKE_INTDIR=\"$(CONFIGURATION)$(EFFECTIVE_PLATFORM_NAME)\"'";
				GCC_SYMBOLS_PRIVATE_EXTERN = NO;
				HEADER_SEARCH_PATHS = (
					"/Users/vietlq/projects/viet-github-cpp/hacker-rank-2013-08/02-a-journey-to-the-moon/xcode",
					"/Users/vietlq/projects/viet-github-cpp/hacker-rank-2013-08/02-a-journey-to-the-moon",
					/usr/local/include,
				);
				INSTALL_PATH = "";
				OTHER_CFLAGS = "  ";
				OTHER_LDFLAGS = "";
				OTHER_REZFLAGS = "";
				PRODUCT_NAME = ALL_BUILD;
				SECTORDER_FLAGS = "";
				SYMROOT = "/Users/vietlq/projects/viet-github-cpp/hacker-rank-2013-08/02-a-journey-to-the-moon/xcode";
				USE_HEADERMAP = NO;
				WARNING_CFLAGS = (
					"-Wmost",
					"-Wno-four-char-constants",
					"-Wno-unknown-pragmas",
				);
			};
			name = RelWithDebInfo;
		};
		765C9476F7A443ED8B14A96D /* Debug */ = {
			isa = XCBuildConfiguration;
			buildSettings = {
				ONLY_ACTIVE_ARCH = YES;
				SDKROOT = "/Applications/Xcode5-DP.app/Contents/Developer/Platforms/MacOSX.platform/Developer/SDKs/MacOSX10.8.sdk";
				SYMROOT = "/Users/vietlq/projects/viet-github-cpp/hacker-rank-2013-08/02-a-journey-to-the-moon/xcode/build";
			};
			name = Debug;
		};
		7A70ADFDDAA2448889199EDA /* Debug */ = {
			isa = XCBuildConfiguration;
			buildSettings = {
				GCC_GENERATE_DEBUGGING_SYMBOLS = NO;
				GCC_INLINES_ARE_PRIVATE_EXTERN = NO;
				GCC_OPTIMIZATION_LEVEL = 0;
				GCC_PREPROCESSOR_DEFINITIONS = "'CMAKE_INTDIR=\"$(CONFIGURATION)$(EFFECTIVE_PLATFORM_NAME)\"'";
				GCC_SYMBOLS_PRIVATE_EXTERN = NO;
				HEADER_SEARCH_PATHS = (
					"/Users/vietlq/projects/viet-github-cpp/hacker-rank-2013-08/02-a-journey-to-the-moon/xcode",
					"/Users/vietlq/projects/viet-github-cpp/hacker-rank-2013-08/02-a-journey-to-the-moon",
					/usr/local/include,
				);
				INSTALL_PATH = "";
				OTHER_CFLAGS = "  ";
				OTHER_LDFLAGS = "";
				OTHER_REZFLAGS = "";
				PRODUCT_NAME = ALL_BUILD;
				SECTORDER_FLAGS = "";
				SYMROOT = "/Users/vietlq/projects/viet-github-cpp/hacker-rank-2013-08/02-a-journey-to-the-moon/xcode";
				USE_HEADERMAP = NO;
				WARNING_CFLAGS = (
					"-Wmost",
					"-Wno-four-char-constants",
					"-Wno-unknown-pragmas",
				);
			};
			name = Debug;
		};
		8E6FB9C99A1C405BB6B2FB7B /* Release */ = {
			isa = XCBuildConfiguration;
			buildSettings = {
				GCC_GENERATE_DEBUGGING_SYMBOLS = NO;
				GCC_INLINES_ARE_PRIVATE_EXTERN = NO;
				GCC_OPTIMIZATION_LEVEL = 0;
				GCC_PREPROCESSOR_DEFINITIONS = "'CMAKE_INTDIR=\"$(CONFIGURATION)$(EFFECTIVE_PLATFORM_NAME)\"'";
				GCC_SYMBOLS_PRIVATE_EXTERN = NO;
				HEADER_SEARCH_PATHS = (
					"/Users/vietlq/projects/viet-github-cpp/hacker-rank-2013-08/02-a-journey-to-the-moon/xcode",
					"/Users/vietlq/projects/viet-github-cpp/hacker-rank-2013-08/02-a-journey-to-the-moon",
					/usr/local/include,
				);
				INSTALL_PATH = "";
				OTHER_CFLAGS = "  ";
				OTHER_LDFLAGS = "";
				OTHER_REZFLAGS = "";
				PRODUCT_NAME = ALL_BUILD;
				SECTORDER_FLAGS = "";
				SYMROOT = "/Users/vietlq/projects/viet-github-cpp/hacker-rank-2013-08/02-a-journey-to-the-moon/xcode";
				USE_HEADERMAP = NO;
				WARNING_CFLAGS = (
					"-Wmost",
					"-Wno-four-char-constants",
					"-Wno-unknown-pragmas",
				);
			};
			name = Release;
		};
		A27D6C1EEE9440DFB61FC5B1 /* MinSizeRel */ = {
			isa = XCBuildConfiguration;
			buildSettings = {
				GCC_GENERATE_DEBUGGING_SYMBOLS = NO;
				GCC_INLINES_ARE_PRIVATE_EXTERN = NO;
				GCC_OPTIMIZATION_LEVEL = 0;
				GCC_PREPROCESSOR_DEFINITIONS = "'CMAKE_INTDIR=\"$(CONFIGURATION)$(EFFECTIVE_PLATFORM_NAME)\"'";
				GCC_SYMBOLS_PRIVATE_EXTERN = NO;
				HEADER_SEARCH_PATHS = (
					"/Users/vietlq/projects/viet-github-cpp/hacker-rank-2013-08/02-a-journey-to-the-moon/xcode",
					"/Users/vietlq/projects/viet-github-cpp/hacker-rank-2013-08/02-a-journey-to-the-moon",
					/usr/local/include,
				);
				INSTALL_PATH = "";
				OTHER_CFLAGS = "  ";
				OTHER_LDFLAGS = "";
				OTHER_REZFLAGS = "";
				PRODUCT_NAME = ALL_BUILD;
				SECTORDER_FLAGS = "";
				SYMROOT = "/Users/vietlq/projects/viet-github-cpp/hacker-rank-2013-08/02-a-journey-to-the-moon/xcode";
				USE_HEADERMAP = NO;
				WARNING_CFLAGS = (
					"-Wmost",
					"-Wno-four-char-constants",
					"-Wno-unknown-pragmas",
				);
			};
			name = MinSizeRel;
		};
		AF0457879A6B4FD0B1775E8E /* Release */ = {
			isa = XCBuildConfiguration;
			buildSettings = {
				ONLY_ACTIVE_ARCH = YES;
				SDKROOT = "/Applications/Xcode5-DP.app/Contents/Developer/Platforms/MacOSX.platform/Developer/SDKs/MacOSX10.8.sdk";
				SYMROOT = "/Users/vietlq/projects/viet-github-cpp/hacker-rank-2013-08/02-a-journey-to-the-moon/xcode/build";
			};
			name = Release;
		};
		DD160EA7DDD043EF9F67A3D1 /* Debug */ = {
			isa = XCBuildConfiguration;
			buildSettings = {
				GCC_GENERATE_DEBUGGING_SYMBOLS = NO;
				GCC_INLINES_ARE_PRIVATE_EXTERN = NO;
				GCC_OPTIMIZATION_LEVEL = 0;
				GCC_PREPROCESSOR_DEFINITIONS = "'CMAKE_INTDIR=\"$(CONFIGURATION)$(EFFECTIVE_PLATFORM_NAME)\"'";
				GCC_SYMBOLS_PRIVATE_EXTERN = NO;
				HEADER_SEARCH_PATHS = (
					"/Users/vietlq/projects/viet-github-cpp/hacker-rank-2013-08/02-a-journey-to-the-moon/xcode",
					"/Users/vietlq/projects/viet-github-cpp/hacker-rank-2013-08/02-a-journey-to-the-moon",
					/usr/local/include,
				);
				INSTALL_PATH = "";
				OTHER_CFLAGS = "  ";
				OTHER_LDFLAGS = "";
				OTHER_REZFLAGS = "";
				PRODUCT_NAME = ZERO_CHECK;
				SECTORDER_FLAGS = "";
				SYMROOT = "/Users/vietlq/projects/viet-github-cpp/hacker-rank-2013-08/02-a-journey-to-the-moon/xcode";
				USE_HEADERMAP = NO;
				WARNING_CFLAGS = (
					"-Wmost",
					"-Wno-four-char-constants",
					"-Wno-unknown-pragmas",
				);
			};
			name = Debug;
		};
/* End XCBuildConfiguration section */

/* Begin XCConfigurationList section */
		273236C78DC54A3E89BFB30C /* Build configuration list for PBXAggregateTarget "ALL_BUILD" */ = {
			isa = XCConfigurationList;
			buildConfigurations = (
				7A70ADFDDAA2448889199EDA /* Debug */,
				8E6FB9C99A1C405BB6B2FB7B /* Release */,
				A27D6C1EEE9440DFB61FC5B1 /* MinSizeRel */,
				687053F32F214A5CB590C2DB /* RelWithDebInfo */,
			);
			defaultConfigurationIsVisible = 0;
			defaultConfigurationName = Debug;
		};
		3375DECC34364980AA86F542 /* Build configuration list for PBXProject "JourneyToTheMoon" */ = {
			isa = XCConfigurationList;
			buildConfigurations = (
				765C9476F7A443ED8B14A96D /* Debug */,
				AF0457879A6B4FD0B1775E8E /* Release */,
				13F6B694FA37449292DB0671 /* MinSizeRel */,
				11A3AF16C3844A4F8CA70284 /* RelWithDebInfo */,
			);
			defaultConfigurationIsVisible = 0;
			defaultConfigurationName = Debug;
		};
		5FF8FF9B4916471E8187A1C7 /* Build configuration list for PBXNativeTarget "journey_to_the_moon" */ = {
			isa = XCConfigurationList;
			buildConfigurations = (
				412EC4A7E4F04A8A88B3CC14 /* Debug */,
				5E08E5933DBB4796A221260C /* Release */,
				2F52AF1D53964AACB486D9E0 /* MinSizeRel */,
				598BFDEC33444916A77395D5 /* RelWithDebInfo */,
			);
			defaultConfigurationIsVisible = 0;
			defaultConfigurationName = Debug;
		};
		B3DF00405CAF450B9188F1FC /* Build configuration list for PBXAggregateTarget "ZERO_CHECK" */ = {
			isa = XCConfigurationList;
			buildConfigurations = (
				DD160EA7DDD043EF9F67A3D1 /* Debug */,
				294188C1BAF447C9BAACD96B /* Release */,
				397190CF695E443DBDE96029 /* MinSizeRel */,
				4081D8951A6B4397A9E8884F /* RelWithDebInfo */,
			);
			defaultConfigurationIsVisible = 0;
			defaultConfigurationName = Debug;
		};
/* End XCConfigurationList section */
	};
	rootObject = 869118E353264236B91E2EEE /* Project object */;
}
